
Microsoft Visual Studio Solution File, Format Version 12.00
# Visual Studio Version 16
VisualStudioVersion = 16.0.30804.86
MinimumVisualStudioVersion = 10.0.40219.1
Project("{8BC9CEB8-8B4A-11D0-8D11-00A0C91BC942}") = "Project2", "Project2\Project2.vcxproj", "{721309E3-B3BF-4E02-B3C6-373BDD672265}"
EndProject
Global
	GlobalSection(SolutionConfigurationPlatforms) = preSolution
		Debug|x64 = Debug|x64
		Debug|x86 = Debug|x86
		Release|x64 = Release|x64
		Release|x86 = Release|x86
	EndGlobalSection
	GlobalSection(ProjectConfigurationPlatforms) = postSolution
		{721309E3-B3BF-4E02-B3C6-373BDD672265}.Debug|x64.ActiveCfg = Debug|x64
		{721309E3-B3BF-4E02-B3C6-373BDD672265}.Debug|x64.Build.0 = Debug|x64
		{721309E3-B3BF-4E02-B3C6-373BDD672265}.Debug|x86.ActiveCfg = Debug|Win32
		{721309E3-B3BF-4E02-B3C6-373BDD672265}.Debug|x86.Build.0 = Debug|Win32
		{721309E3-B3BF-4E02-B3C6-373BDD672265}.Release|x64.ActiveCfg = Release|x64
		{721309E3-B3BF-4E02-B3C6-373BDD672265}.Release|x64.Build.0 = Release|x64
		{721309E3-B3BF-4E02-B3C6-373BDD672265}.Release|x86.ActiveCfg = Release|Win32
		{721309E3-B3BF-4E02-B3C6-373BDD672265}.Release|x86.Build.0 = Release|Win32
	EndGlobalSection
	GlobalSection(SolutionProperties) = preSolution
		HideSolutionNode = FALSE
	EndGlobalSection
	GlobalSection(ExtensibilityGlobals) = postSolution
		SolutionGuid = {3EB0F937-EE82-4EC0-BF42-BC662040BDDE}
	EndGlobalSection
EndGlobal
